
Microsoft Visual Studio Solution File, Format Version 12.00
# Visual Studio Version 16
VisualStudioVersion = 16.0.31112.23
MinimumVisualStudioVersion = 10.0.40219.1
Project("{FAE04EC0-301F-11D3-BF4B-00C04F79EFBC}") = "Entities", "Entities\Entities.csproj", "{5EE3826F-1317-4763-BA4C-9FA83866AB1F}"
EndProject
Project("{FAE04EC0-301F-11D3-BF4B-00C04F79EFBC}") = "Business", "Business\Business.csproj", "{CC7C932D-CF11-44E9-84B4-DAD2D9459AF9}"
EndProject
Project("{FAE04EC0-301F-11D3-BF4B-00C04F79EFBC}") = "DataAccess", "DataAccess\DataAccess.csproj", "{9C181705-58FA-4075-8099-D6E745F40506}"
EndProject
Project("{FAE04EC0-301F-11D3-BF4B-00C04F79EFBC}") = "ConsolUI", "ConsolUI\ConsolUI.csproj", "{D80226B3-7D6D-4A78-9B74-B2AAB1E11819}"
EndProject
Global
	GlobalSection(SolutionConfigurationPlatforms) = preSolution
		Debug|Any CPU = Debug|Any CPU
		Release|Any CPU = Release|Any CPU
	EndGlobalSection
	GlobalSection(ProjectConfigurationPlatforms) = postSolution
		{5EE3826F-1317-4763-BA4C-9FA83866AB1F}.Debug|Any CPU.ActiveCfg = Debug|Any CPU
		{5EE3826F-1317-4763-BA4C-9FA83866AB1F}.Debug|Any CPU.Build.0 = Debug|Any CPU
		{5EE3826F-1317-4763-BA4C-9FA83866AB1F}.Release|Any CPU.ActiveCfg = Release|Any CPU
		{5EE3826F-1317-4763-BA4C-9FA83866AB1F}.Release|Any CPU.Build.0 = Release|Any CPU
		{CC7C932D-CF11-44E9-84B4-DAD2D9459AF9}.Debug|Any CPU.ActiveCfg = Debug|Any CPU
		{CC7C932D-CF11-44E9-84B4-DAD2D9459AF9}.Debug|Any CPU.Build.0 = Debug|Any CPU
		{CC7C932D-CF11-44E9-84B4-DAD2D9459AF9}.Release|Any CPU.ActiveCfg = Release|Any CPU
		{CC7C932D-CF11-44E9-84B4-DAD2D9459AF9}.Release|Any CPU.Build.0 = Release|Any CPU
		{9C181705-58FA-4075-8099-D6E745F40506}.Debug|Any CPU.ActiveCfg = Debug|Any CPU
		{9C181705-58FA-4075-8099-D6E745F40506}.Debug|Any CPU.Build.0 = Debug|Any CPU
		{9C181705-58FA-4075-8099-D6E745F40506}.Release|Any CPU.ActiveCfg = Release|Any CPU
		{9C181705-58FA-4075-8099-D6E745F40506}.Release|Any CPU.Build.0 = Release|Any CPU
		{D80226B3-7D6D-4A78-9B74-B2AAB1E11819}.Debug|Any CPU.ActiveCfg = Debug|Any CPU
		{D80226B3-7D6D-4A78-9B74-B2AAB1E11819}.Debug|Any CPU.Build.0 = Debug|Any CPU
		{D80226B3-7D6D-4A78-9B74-B2AAB1E11819}.Release|Any CPU.ActiveCfg = Release|Any CPU
		{D80226B3-7D6D-4A78-9B74-B2AAB1E11819}.Release|Any CPU.Build.0 = Release|Any CPU
	EndGlobalSection
	GlobalSection(SolutionProperties) = preSolution
		HideSolutionNode = FALSE
	EndGlobalSection
	GlobalSection(ExtensibilityGlobals) = postSolution
		SolutionGuid = {1D612EAD-A272-41E4-9900-B612D2840032}
	EndGlobalSection
EndGlobal
